
Microsoft Visual Studio Solution File, Format Version 12.00
# Visual Studio Version 17
VisualStudioVersion = 17.0.32126.317
MinimumVisualStudioVersion = 10.0.40219.1
Project("{FAE04EC0-301F-11D3-BF4B-00C04F79EFBC}") = "ProTruck", "ProTruck\ProTruck.csproj", "{DAB94258-B6D6-46F6-8128-5E5ADD633AC0}"
EndProject
Global
	GlobalSection(SolutionConfigurationPlatforms) = preSolution
		Debug|Any CPU = Debug|Any CPU
		Release|Any CPU = Release|Any CPU
	EndGlobalSection
	GlobalSection(ProjectConfigurationPlatforms) = postSolution
		{DAB94258-B6D6-46F6-8128-5E5ADD633AC0}.Debug|Any CPU.ActiveCfg = Debug|Any CPU
		{DAB94258-B6D6-46F6-8128-5E5ADD633AC0}.Debug|Any CPU.Build.0 = Debug|Any CPU
		{DAB94258-B6D6-46F6-8128-5E5ADD633AC0}.Release|Any CPU.ActiveCfg = Release|Any CPU
		{DAB94258-B6D6-46F6-8128-5E5ADD633AC0}.Release|Any CPU.Build.0 = Release|Any CPU
	EndGlobalSection
	GlobalSection(SolutionProperties) = preSolution
		HideSolutionNode = FALSE
	EndGlobalSection
	GlobalSection(ExtensibilityGlobals) = postSolution
		SolutionGuid = {46DFA3D9-E311-4EE3-855F-993004EF4C7F}
	EndGlobalSection
EndGlobal
